
Microsoft Visual Studio Solution File, Format Version 12.00
# Visual Studio Version 16
VisualStudioVersion = 16.0.31424.327
MinimumVisualStudioVersion = 10.0.40219.1
Project("{9A19103F-16F7-4668-BE54-9A1E7A4F7556}") = "GActivityDiary.Core", "GActivityDiary.Core\GActivityDiary.Core.csproj", "{5F7836AF-0B7A-4279-976D-73660CA71CB0}"
EndProject
Project("{9A19103F-16F7-4668-BE54-9A1E7A4F7556}") = "GActivityDiary", "GActivityDiary\GActivityDiary.csproj", "{E9FA6C57-5F7F-4C19-9F86-BF52900007EA}"
EndProject
Project("{9A19103F-16F7-4668-BE54-9A1E7A4F7556}") = "GActivityDiary.Core.Tests", "Tests\GActivityDiary.Core.Tests\GActivityDiary.Core.Tests.csproj", "{58E3D663-CD4B-4331-93FC-3C0ED40DE9D2}"
EndProject
Project("{9A19103F-16F7-4668-BE54-9A1E7A4F7556}") = "GenerateSampleDataBase", "Tests\Tools\GenerateSampleDataBase\GenerateSampleDataBase.csproj", "{5B4884BF-3F41-45C3-AB15-4A3412560576}"
EndProject
Project("{2150E333-8FDC-42A3-9474-1A3956D46DE8}") = "Tests", "Tests", "{CE5DF584-F04F-458E-B466-35361B5ECAAF}"
EndProject
Global
	GlobalSection(SolutionConfigurationPlatforms) = preSolution
		Debug|Any CPU = Debug|Any CPU
		Release|Any CPU = Release|Any CPU
	EndGlobalSection
	GlobalSection(ProjectConfigurationPlatforms) = postSolution
		{5F7836AF-0B7A-4279-976D-73660CA71CB0}.Debug|Any CPU.ActiveCfg = Debug|Any CPU
		{5F7836AF-0B7A-4279-976D-73660CA71CB0}.Debug|Any CPU.Build.0 = Debug|Any CPU
		{5F7836AF-0B7A-4279-976D-73660CA71CB0}.Release|Any CPU.ActiveCfg = Release|Any CPU
		{5F7836AF-0B7A-4279-976D-73660CA71CB0}.Release|Any CPU.Build.0 = Release|Any CPU
		{E9FA6C57-5F7F-4C19-9F86-BF52900007EA}.Debug|Any CPU.ActiveCfg = Debug|Any CPU
		{E9FA6C57-5F7F-4C19-9F86-BF52900007EA}.Debug|Any CPU.Build.0 = Debug|Any CPU
		{E9FA6C57-5F7F-4C19-9F86-BF52900007EA}.Release|Any CPU.ActiveCfg = Release|Any CPU
		{E9FA6C57-5F7F-4C19-9F86-BF52900007EA}.Release|Any CPU.Build.0 = Release|Any CPU
		{58E3D663-CD4B-4331-93FC-3C0ED40DE9D2}.Debug|Any CPU.ActiveCfg = Debug|Any CPU
		{58E3D663-CD4B-4331-93FC-3C0ED40DE9D2}.Debug|Any CPU.Build.0 = Debug|Any CPU
		{58E3D663-CD4B-4331-93FC-3C0ED40DE9D2}.Release|Any CPU.ActiveCfg = Release|Any CPU
		{58E3D663-CD4B-4331-93FC-3C0ED40DE9D2}.Release|Any CPU.Build.0 = Release|Any CPU
		{5B4884BF-3F41-45C3-AB15-4A3412560576}.Debug|Any CPU.ActiveCfg = Debug|Any CPU
		{5B4884BF-3F41-45C3-AB15-4A3412560576}.Debug|Any CPU.Build.0 = Debug|Any CPU
		{5B4884BF-3F41-45C3-AB15-4A3412560576}.Release|Any CPU.ActiveCfg = Release|Any CPU
		{5B4884BF-3F41-45C3-AB15-4A3412560576}.Release|Any CPU.Build.0 = Release|Any CPU
	EndGlobalSection
	GlobalSection(SolutionProperties) = preSolution
		HideSolutionNode = FALSE
	EndGlobalSection
	GlobalSection(NestedProjects) = preSolution
		{58E3D663-CD4B-4331-93FC-3C0ED40DE9D2} = {CE5DF584-F04F-458E-B466-35361B5ECAAF}
		{5B4884BF-3F41-45C3-AB15-4A3412560576} = {CE5DF584-F04F-458E-B466-35361B5ECAAF}
	EndGlobalSection
	GlobalSection(ExtensibilityGlobals) = postSolution
		SolutionGuid = {84D4C8D7-0689-4C00-AE75-E8CE48E34EFD}
	EndGlobalSection
EndGlobal
